{
  "nodes": {
    "devenv": {
      "inputs": {
        "nixpkgs": [
          "nixpkgs"
        ],
        "wrapper-manager": "wrapper-manager"
      },
      "locked": {
        "lastModified": 1738589840,
        "narHash": "sha256-PXbYU30NvpHh1Iu5E+IeUSpLwDnYM9ZtTzERTTxeGdg=",
        "owner": "jkaye2012",
        "repo": "devenv",
        "rev": "40c5bc5c18a1fce7ef74a751465563d7639202bf",
        "type": "github"
      },
      "original": {
        "owner": "jkaye2012",
        "ref": "main",
        "repo": "devenv",
        "type": "github"
      }
    },
    "home-manager": {
      "inputs": {
        "nixpkgs": [
          "nixpkgs"
        ]
      },
      "locked": {
        "lastModified": 1736373539,
        "narHash": "sha256-dinzAqCjenWDxuy+MqUQq0I4zUSfaCvN9rzuCmgMZJY=",
        "owner": "nix-community",
        "repo": "home-manager",
        "rev": "bd65bc3cde04c16755955630b344bc9e35272c56",
        "type": "github"
      },
      "original": {
        "owner": "nix-community",
        "ref": "release-24.11",
        "repo": "home-manager",
        "type": "github"
      }
    },
    "nixpkgs": {
      "locked": {
        "lastModified": 1702151865,
        "narHash": "sha256-9VAt19t6yQa7pHZLDbil/QctAgVsA66DLnzdRGqDisg=",
        "owner": "NixOS",
        "repo": "nixpkgs",
        "rev": "666fc80e7b2afb570462423cb0e1cf1a3a34fedd",
        "type": "github"
      },
      "original": {
        "owner": "NixOS",
        "ref": "nixos-unstable",
        "repo": "nixpkgs",
        "type": "github"
      }
    },
    "nixpkgs_2": {
      "locked": {
        "lastModified": 1738435198,
        "narHash": "sha256-5+Hmo4nbqw8FrW85FlNm4IIrRnZ7bn0cmXlScNsNRLo=",
        "owner": "NixOS",
        "repo": "nixpkgs",
        "rev": "f6687779bf4c396250831aa5a32cbfeb85bb07a3",
        "type": "github"
      },
      "original": {
        "owner": "NixOS",
        "ref": "nixos-24.11",
        "repo": "nixpkgs",
        "type": "github"
      }
    },
    "root": {
      "inputs": {
        "devenv": "devenv",
        "home-manager": "home-manager",
        "nixpkgs": "nixpkgs_2"
      }
    },
    "wrapper-manager": {
      "inputs": {
        "nixpkgs": "nixpkgs"
      },
      "locked": {
        "lastModified": 1724503599,
        "narHash": "sha256-WVhNq3QjnG/2mi772CkTxZCQcomKV5S03TbQKwe1Kj4=",
        "owner": "viperML",
        "repo": "wrapper-manager",
        "rev": "c936f9203217e654a6074d206505c16432edbc70",
        "type": "github"
      },
      "original": {
        "owner": "viperML",
        "repo": "wrapper-manager",
        "type": "github"
      }
    }
  },
  "root": "root",
  "version": 7
}
